
Microsoft Visual Studio Solution File, Format Version 11.00
# Visual C++ Express 2010
Project("{8BC9CEB8-8B4A-11D0-8D11-00A0C91BC942}") = "common", "common\common.vcxproj", "{D96FA85E-9A74-4376-9A98-D475A29AA234}"
EndProject
Global
	GlobalSection(SolutionConfigurationPlatforms) = preSolution
		Debug|Win32 = Debug|Win32
		Release|Win32 = Release|Win32
	EndGlobalSection
	GlobalSection(ProjectConfigurationPlatforms) = postSolution
		{D96FA85E-9A74-4376-9A98-D475A29AA234}.Debug|Win32.ActiveCfg = Debug|Win32
		{D96FA85E-9A74-4376-9A98-D475A29AA234}.Debug|Win32.Build.0 = Debug|Win32
		{D96FA85E-9A74-4376-9A98-D475A29AA234}.Release|Win32.ActiveCfg = Release|Win32
		{D96FA85E-9A74-4376-9A98-D475A29AA234}.Release|Win32.Build.0 = Release|Win32
	EndGlobalSection
	GlobalSection(SolutionProperties) = preSolution
		HideSolutionNode = FALSE
	EndGlobalSection
EndGlobal
