
Microsoft Visual Studio Solution File, Format Version 10.00
# Visual Studio 2008
Project("{8BC9CEB8-8B4A-11D0-8D11-00A0C91BC942}") = "serialization_link_error", "serialization_link_error\serialization_link_error.vcproj", "{801ADDD4-C9CC-4B19-8573-F892FB042276}"
EndProject
Global
	GlobalSection(SolutionConfigurationPlatforms) = preSolution
		Debug|Win32 = Debug|Win32
		Release|Win32 = Release|Win32
	EndGlobalSection
	GlobalSection(ProjectConfigurationPlatforms) = postSolution
		{801ADDD4-C9CC-4B19-8573-F892FB042276}.Debug|Win32.ActiveCfg = Debug|Win32
		{801ADDD4-C9CC-4B19-8573-F892FB042276}.Debug|Win32.Build.0 = Debug|Win32
		{801ADDD4-C9CC-4B19-8573-F892FB042276}.Release|Win32.ActiveCfg = Release|Win32
		{801ADDD4-C9CC-4B19-8573-F892FB042276}.Release|Win32.Build.0 = Release|Win32
	EndGlobalSection
	GlobalSection(SolutionProperties) = preSolution
		HideSolutionNode = FALSE
	EndGlobalSection
EndGlobal
